# This file is automatically @generated by Cargo.
# It is not intended for manual editing.
version = 4

[[package]]
name = "rustpfm"
version = "0.1.0"

[[package]]
name = "rustpfm-codec-comparison"
version = "0.0.0"
dependencies = [
 "rustpfm",
 "zune-core",
 "zune-ppm",
]

[[package]]
name = "zune-core"
version = "0.5.1"
source = "registry+https://github.com/rust-lang/crates.io-index"
checksum = "cb8a0807f7c01457d0379ba880ba6322660448ddebc890ce29bb64da71fb40f9"

[[package]]
name = "zune-ppm"
version = "0.5.1"
source = "registry+https://github.com/rust-lang/crates.io-index"
checksum = "6fa3b8ca5bfe13b58735c3c8e56442390946e8e0e0ff50e12b9215afd278d422"
dependencies = [
 "zune-core",
]
